
Microsoft Visual Studio Solution File, Format Version 12.00
# Visual Studio Version 16
VisualStudioVersion = 16.0.31112.23
MinimumVisualStudioVersion = 10.0.40219.1
Project("{FAE04EC0-301F-11D3-BF4B-00C04F79EFBC}") = "DogApp", "DogApp\DogApp.csproj", "{16E1E8FD-38D6-4B4A-9A63-E09EE6D7EE0D}"
EndProject
Global
	GlobalSection(SolutionConfigurationPlatforms) = preSolution
		Debug|Any CPU = Debug|Any CPU
		Release|Any CPU = Release|Any CPU
	EndGlobalSection
	GlobalSection(ProjectConfigurationPlatforms) = postSolution
		{16E1E8FD-38D6-4B4A-9A63-E09EE6D7EE0D}.Debug|Any CPU.ActiveCfg = Debug|Any CPU
		{16E1E8FD-38D6-4B4A-9A63-E09EE6D7EE0D}.Debug|Any CPU.Build.0 = Debug|Any CPU
		{16E1E8FD-38D6-4B4A-9A63-E09EE6D7EE0D}.Release|Any CPU.ActiveCfg = Release|Any CPU
		{16E1E8FD-38D6-4B4A-9A63-E09EE6D7EE0D}.Release|Any CPU.Build.0 = Release|Any CPU
	EndGlobalSection
	GlobalSection(SolutionProperties) = preSolution
		HideSolutionNode = FALSE
	EndGlobalSection
	GlobalSection(ExtensibilityGlobals) = postSolution
		SolutionGuid = {1D3DD98D-8C7F-4988-9AF9-FC9F41C3E265}
	EndGlobalSection
EndGlobal
